{
  "name": "svg_editor_app",
  "version": "1.0.0",
  "lockfileVersion": 3,
  "requires": true,
  "packages": {
    "": {
      "name": "svg_editor_app",
      "version": "1.0.0",
      "license": "ISC",
      "dependencies": {
        "@svgdotjs/svg.draggable.js": "^3.0.3",
        "@svgdotjs/svg.js": "^3.2.0",
        "svg.draggable.js": "^3.0.0",
        "svg.js": "^2.7.1",
        "svg.resize.js": "^1.4.3"
      }
    },
    "node_modules/@svgdotjs/svg.draggable.js": {
      "version": "3.0.3",
      "resolved": "https://registry.npmjs.org/@svgdotjs/svg.draggable.js/-/svg.draggable.js-3.0.3.tgz",
      "integrity": "sha512-gvktGsIe/hhU3hX7VJaB8maOV3dKLwQHtjUJN+B/4EahPBI8QWPLt3uuCUeP7sRujaOtrckZxLFhZUeQ5nK4Qw==",
      "dependencies": {
        "@svgdotjs/svg.js": "^3.0.16"
      },
      "engines": {
        "node": ">= 0.8.0"
      }
    },
    "node_modules/@svgdotjs/svg.js": {
      "version": "3.2.0",
      "resolved": "https://registry.npmjs.org/@svgdotjs/svg.js/-/svg.js-3.2.0.tgz",
      "integrity": "sha512-Tr8p+QVP7y+QT1GBlq1Tt57IvedVH8zCPoYxdHLX0Oof3a/PqnC/tXAkVufv1JQJfsDHlH/UrjcDfgxSofqSNA==",
      "funding": {
        "type": "github",
        "url": "https://github.com/sponsors/Fuzzyma"
      }
    },
    "node_modules/svg.draggable.js": {
      "version": "3.0.0",
      "resolved": "https://registry.npmjs.org/svg.draggable.js/-/svg.draggable.js-3.0.0.tgz",
      "integrity": "sha512-fg7whnOG8XNAIn6bW8VhPUWXH3jG6x+SIzY06N9HIuIb+0L/NhYMjIF1OuzhA5vCN/O4GKEGfHIbihrcyFV1Pw==",
      "deprecated": "This version was published by accident. If you use svg.js v2.x use svg.draggable.js v2.x. For @svgdotjs/svg.js v3.x use @svgdotjs/svg.draggable.js v3.x",
      "dependencies": {
        "@svgdotjs/svg.js": "^3.0.10"
      },
      "engines": {
        "node": ">= 0.8.0"
      }
    },
    "node_modules/svg.js": {
      "version": "2.7.1",
      "resolved": "https://registry.npmjs.org/svg.js/-/svg.js-2.7.1.tgz",
      "integrity": "sha512-ycbxpizEQktk3FYvn/8BH+6/EuWXg7ZpQREJvgacqn46gIddG24tNNe4Son6omdXCnSOaApnpZw6MPCBA1dODA=="
    },
    "node_modules/svg.resize.js": {
      "version": "1.4.3",
      "resolved": "https://registry.npmjs.org/svg.resize.js/-/svg.resize.js-1.4.3.tgz",
      "integrity": "sha512-9k5sXJuPKp+mVzXNvxz7U0uC9oVMQrrf7cFsETznzUDDm0x8+77dtZkWdMfRlmbkEEYvUn9btKuZ3n41oNA+uw==",
      "dependencies": {
        "svg.js": "^2.6.5",
        "svg.select.js": "^2.1.2"
      },
      "engines": {
        "node": ">= 0.8.0"
      }
    },
    "node_modules/svg.select.js": {
      "version": "2.1.2",
      "resolved": "https://registry.npmjs.org/svg.select.js/-/svg.select.js-2.1.2.tgz",
      "integrity": "sha512-tH6ABEyJsAOVAhwcCjF8mw4crjXSI1aa7j2VQR8ZuJ37H2MBUbyeqYr5nEO7sSN3cy9AR9DUwNg0t/962HlDbQ==",
      "dependencies": {
        "svg.js": "^2.2.5"
      },
      "engines": {
        "node": ">= 0.8.0"
      }
    }
  }
}
